
Microsoft Visual Studio Solution File, Format Version 12.00
# Visual Studio Version 17
VisualStudioVersion = 17.8.34511.84
MinimumVisualStudioVersion = 10.0.40219.1
Project("{FAE04EC0-301F-11D3-BF4B-00C04F79EFBC}") = "ConsoleAppHw2102ex2", "ConsoleAppHw2102ex2.csproj", "{8F56E084-6465-455F-80D3-D3C4FCDEF14A}"
EndProject
Global
	GlobalSection(SolutionConfigurationPlatforms) = preSolution
		Debug|Any CPU = Debug|Any CPU
		Release|Any CPU = Release|Any CPU
	EndGlobalSection
	GlobalSection(ProjectConfigurationPlatforms) = postSolution
		{8F56E084-6465-455F-80D3-D3C4FCDEF14A}.Debug|Any CPU.ActiveCfg = Debug|Any CPU
		{8F56E084-6465-455F-80D3-D3C4FCDEF14A}.Debug|Any CPU.Build.0 = Debug|Any CPU
		{8F56E084-6465-455F-80D3-D3C4FCDEF14A}.Release|Any CPU.ActiveCfg = Release|Any CPU
		{8F56E084-6465-455F-80D3-D3C4FCDEF14A}.Release|Any CPU.Build.0 = Release|Any CPU
	EndGlobalSection
	GlobalSection(SolutionProperties) = preSolution
		HideSolutionNode = FALSE
	EndGlobalSection
	GlobalSection(ExtensibilityGlobals) = postSolution
		SolutionGuid = {C422D32A-5CA4-4F75-93E5-79D02DFBFDD9}
	EndGlobalSection
EndGlobal
